
Microsoft Visual Studio Solution File, Format Version 12.00
# Visual Studio 15
VisualStudioVersion = 15.0.28307.1300
MinimumVisualStudioVersion = 10.0.40219.1
Project("{2150E333-8FDC-42A3-9474-1A3956D46DE8}") = "Solution Items", "Solution Items", "{CA6D4275-47F5-4697-B8CF-DCD87091B620}"
EndProject
Project("{FAE04EC0-301F-11D3-BF4B-00C04F79EFBC}") = "ERPService", "ERPService\ERPService.csproj", "{3C7DA684-1158-4433-91C7-7FA3173825D8}"
	ProjectSection(ProjectDependencies) = postProject
		{0D985EDB-AC10-4252-BAB9-866AAF7CC675} = {0D985EDB-AC10-4252-BAB9-866AAF7CC675}
	EndProjectSection
EndProject
Project("{FAE04EC0-301F-11D3-BF4B-00C04F79EFBC}") = "CustomControls", "CustomControls\CustomControls.csproj", "{595F690A-9DEE-4F51-95DC-6ED742723F19}"
EndProject
Project("{FAE04EC0-301F-11D3-BF4B-00C04F79EFBC}") = "CustomerPortal", "CustomerPortal\CustomerPortal.csproj", "{A4C2E55C-B8FB-4888-9DAA-A3D03EACC595}"
EndProject
Project("{FAE04EC0-301F-11D3-BF4B-00C04F79EFBC}") = "GTIService", "GTIService\GTIService.csproj", "{2BA61394-A98F-4158-9351-AE5D6D5797F9}"
EndProject
Project("{FAE04EC0-301F-11D3-BF4B-00C04F79EFBC}") = "Handlers", "Handlers\Handlers.csproj", "{3CA74508-BF36-426E-BE13-33AB19C88AD4}"
EndProject
Project("{FAE04EC0-301F-11D3-BF4B-00C04F79EFBC}") = "BusinessLogic", "BusinessLogic\BusinessLogic.csproj", "{18B3DA4D-A5BB-486D-BAF8-F48ED6411E03}"
EndProject
Project("{FAE04EC0-301F-11D3-BF4B-00C04F79EFBC}") = "BusinessObject", "BusinessObject\BusinessObject.csproj", "{FACEBA43-69BF-4414-865A-E00919B020CA}"
EndProject
Project("{FAE04EC0-301F-11D3-BF4B-00C04F79EFBC}") = "DataAccess", "DataAccess\DataAccess.csproj", "{0D68489B-0CB2-4173-BCB0-3CD0CEAB0EB1}"
EndProject
Project("{FAE04EC0-301F-11D3-BF4B-00C04F79EFBC}") = "DataAccessLayer", "DataAccessLayer\DataAccessLayer.csproj", "{970EC607-8392-4A74-B532-2C57E14D10B3}"
EndProject
Project("{FAE04EC0-301F-11D3-BF4B-00C04F79EFBC}") = "HRMS", "HRMS\HRMS.csproj", "{A9EDFE61-FA63-4311-A508-D11E9147B9EB}"
EndProject
Project("{FAE04EC0-301F-11D3-BF4B-00C04F79EFBC}") = "ERP.Utilities", "ERP.Utilities\ERP.Utilities.csproj", "{678E1AC7-C52F-4E53-9A5F-E509B1F8D65B}"
EndProject
Project("{FAE04EC0-301F-11D3-BF4B-00C04F79EFBC}") = "ERPData", "ERPData\ERPData.csproj", "{67A6BB87-15EC-481E-B6C0-A2259A36AC03}"
EndProject
Project("{FAE04EC0-301F-11D3-BF4B-00C04F79EFBC}") = "ERPManager", "ERPManager\ERPManager.csproj", "{12BBD0E6-4BA3-44A1-BFDE-BC35A0EAAD4C}"
EndProject
Project("{FAE04EC0-301F-11D3-BF4B-00C04F79EFBC}") = "ERPSMS_v02", "ERPSMS_v01\ERPSMS_v02.csproj", "{AA3A1810-78F2-4A18-AE4F-B740FD487232}"
EndProject
Project("{FAE04EC0-301F-11D3-BF4B-00C04F79EFBC}") = "NumberToWordConverter", "NumberToWordConverter\NumberToWordConverter.csproj", "{0D985EDB-AC10-4252-BAB9-866AAF7CC675}"
EndProject
Project("{FAE04EC0-301F-11D3-BF4B-00C04F79EFBC}") = "Gti.Infrastructure", "Gti.Infrastructure\Gti.Infrastructure.csproj", "{B6F3823F-E902-4DC8-8025-203DD2BE7227}"
EndProject
Project("{FAE04EC0-301F-11D3-BF4B-00C04F79EFBC}") = "BarcodeLib", "BarcodeLib\BarcodeLib.csproj", "{24CBED4E-93F1-41AC-9C29-B8B600666977}"
EndProject
Project("{FAE04EC0-301F-11D3-BF4B-00C04F79EFBC}") = "TelerikUserFunctions", "TelerikUserFunctions\TelerikUserFunctions.csproj", "{7F9E7966-F8A8-439B-AFF8-071554E56496}"
EndProject
Global
	GlobalSection(SolutionConfigurationPlatforms) = preSolution
		Debug|Any CPU = Debug|Any CPU
		Publish|Any CPU = Publish|Any CPU
		Release|Any CPU = Release|Any CPU
	EndGlobalSection
	GlobalSection(ProjectConfigurationPlatforms) = postSolution
		{3C7DA684-1158-4433-91C7-7FA3173825D8}.Debug|Any CPU.ActiveCfg = Debug|Any CPU
		{3C7DA684-1158-4433-91C7-7FA3173825D8}.Debug|Any CPU.Build.0 = Debug|Any CPU
		{3C7DA684-1158-4433-91C7-7FA3173825D8}.Publish|Any CPU.ActiveCfg = Release|Any CPU
		{3C7DA684-1158-4433-91C7-7FA3173825D8}.Publish|Any CPU.Build.0 = Release|Any CPU
		{3C7DA684-1158-4433-91C7-7FA3173825D8}.Release|Any CPU.ActiveCfg = Release|Any CPU
		{3C7DA684-1158-4433-91C7-7FA3173825D8}.Release|Any CPU.Build.0 = Release|Any CPU
		{595F690A-9DEE-4F51-95DC-6ED742723F19}.Debug|Any CPU.ActiveCfg = Debug|Any CPU
		{595F690A-9DEE-4F51-95DC-6ED742723F19}.Debug|Any CPU.Build.0 = Debug|Any CPU
		{595F690A-9DEE-4F51-95DC-6ED742723F19}.Publish|Any CPU.ActiveCfg = Release|Any CPU
		{595F690A-9DEE-4F51-95DC-6ED742723F19}.Publish|Any CPU.Build.0 = Release|Any CPU
		{595F690A-9DEE-4F51-95DC-6ED742723F19}.Release|Any CPU.ActiveCfg = Release|Any CPU
		{595F690A-9DEE-4F51-95DC-6ED742723F19}.Release|Any CPU.Build.0 = Release|Any CPU
		{A4C2E55C-B8FB-4888-9DAA-A3D03EACC595}.Debug|Any CPU.ActiveCfg = Debug|Any CPU
		{A4C2E55C-B8FB-4888-9DAA-A3D03EACC595}.Debug|Any CPU.Build.0 = Debug|Any CPU
		{A4C2E55C-B8FB-4888-9DAA-A3D03EACC595}.Publish|Any CPU.ActiveCfg = Release|Any CPU
		{A4C2E55C-B8FB-4888-9DAA-A3D03EACC595}.Publish|Any CPU.Build.0 = Release|Any CPU
		{A4C2E55C-B8FB-4888-9DAA-A3D03EACC595}.Release|Any CPU.ActiveCfg = Release|Any CPU
		{A4C2E55C-B8FB-4888-9DAA-A3D03EACC595}.Release|Any CPU.Build.0 = Release|Any CPU
		{2BA61394-A98F-4158-9351-AE5D6D5797F9}.Debug|Any CPU.ActiveCfg = Debug|Any CPU
		{2BA61394-A98F-4158-9351-AE5D6D5797F9}.Debug|Any CPU.Build.0 = Debug|Any CPU
		{2BA61394-A98F-4158-9351-AE5D6D5797F9}.Publish|Any CPU.ActiveCfg = Release|Any CPU
		{2BA61394-A98F-4158-9351-AE5D6D5797F9}.Publish|Any CPU.Build.0 = Release|Any CPU
		{2BA61394-A98F-4158-9351-AE5D6D5797F9}.Release|Any CPU.ActiveCfg = Release|Any CPU
		{2BA61394-A98F-4158-9351-AE5D6D5797F9}.Release|Any CPU.Build.0 = Release|Any CPU
		{3CA74508-BF36-426E-BE13-33AB19C88AD4}.Debug|Any CPU.ActiveCfg = Debug|Any CPU
		{3CA74508-BF36-426E-BE13-33AB19C88AD4}.Debug|Any CPU.Build.0 = Debug|Any CPU
		{3CA74508-BF36-426E-BE13-33AB19C88AD4}.Publish|Any CPU.ActiveCfg = Release|Any CPU
		{3CA74508-BF36-426E-BE13-33AB19C88AD4}.Publish|Any CPU.Build.0 = Release|Any CPU
		{3CA74508-BF36-426E-BE13-33AB19C88AD4}.Release|Any CPU.ActiveCfg = Release|Any CPU
		{3CA74508-BF36-426E-BE13-33AB19C88AD4}.Release|Any CPU.Build.0 = Release|Any CPU
		{18B3DA4D-A5BB-486D-BAF8-F48ED6411E03}.Debug|Any CPU.ActiveCfg = Debug|Any CPU
		{18B3DA4D-A5BB-486D-BAF8-F48ED6411E03}.Debug|Any CPU.Build.0 = Debug|Any CPU
		{18B3DA4D-A5BB-486D-BAF8-F48ED6411E03}.Publish|Any CPU.ActiveCfg = Release|Any CPU
		{18B3DA4D-A5BB-486D-BAF8-F48ED6411E03}.Publish|Any CPU.Build.0 = Release|Any CPU
		{18B3DA4D-A5BB-486D-BAF8-F48ED6411E03}.Release|Any CPU.ActiveCfg = Release|Any CPU
		{18B3DA4D-A5BB-486D-BAF8-F48ED6411E03}.Release|Any CPU.Build.0 = Release|Any CPU
		{FACEBA43-69BF-4414-865A-E00919B020CA}.Debug|Any CPU.ActiveCfg = Debug|Any CPU
		{FACEBA43-69BF-4414-865A-E00919B020CA}.Debug|Any CPU.Build.0 = Debug|Any CPU
		{FACEBA43-69BF-4414-865A-E00919B020CA}.Publish|Any CPU.ActiveCfg = Release|Any CPU
		{FACEBA43-69BF-4414-865A-E00919B020CA}.Publish|Any CPU.Build.0 = Release|Any CPU
		{FACEBA43-69BF-4414-865A-E00919B020CA}.Release|Any CPU.ActiveCfg = Release|Any CPU
		{FACEBA43-69BF-4414-865A-E00919B020CA}.Release|Any CPU.Build.0 = Release|Any CPU
		{0D68489B-0CB2-4173-BCB0-3CD0CEAB0EB1}.Debug|Any CPU.ActiveCfg = Debug|Any CPU
		{0D68489B-0CB2-4173-BCB0-3CD0CEAB0EB1}.Debug|Any CPU.Build.0 = Debug|Any CPU
		{0D68489B-0CB2-4173-BCB0-3CD0CEAB0EB1}.Publish|Any CPU.ActiveCfg = Release|Any CPU
		{0D68489B-0CB2-4173-BCB0-3CD0CEAB0EB1}.Publish|Any CPU.Build.0 = Release|Any CPU
		{0D68489B-0CB2-4173-BCB0-3CD0CEAB0EB1}.Release|Any CPU.ActiveCfg = Release|Any CPU
		{0D68489B-0CB2-4173-BCB0-3CD0CEAB0EB1}.Release|Any CPU.Build.0 = Release|Any CPU
		{970EC607-8392-4A74-B532-2C57E14D10B3}.Debug|Any CPU.ActiveCfg = Debug|Any CPU
		{970EC607-8392-4A74-B532-2C57E14D10B3}.Debug|Any CPU.Build.0 = Debug|Any CPU
		{970EC607-8392-4A74-B532-2C57E14D10B3}.Publish|Any CPU.ActiveCfg = Release|Any CPU
		{970EC607-8392-4A74-B532-2C57E14D10B3}.Publish|Any CPU.Build.0 = Release|Any CPU
		{970EC607-8392-4A74-B532-2C57E14D10B3}.Release|Any CPU.ActiveCfg = Release|Any CPU
		{970EC607-8392-4A74-B532-2C57E14D10B3}.Release|Any CPU.Build.0 = Release|Any CPU
		{A9EDFE61-FA63-4311-A508-D11E9147B9EB}.Debug|Any CPU.ActiveCfg = Debug|Any CPU
		{A9EDFE61-FA63-4311-A508-D11E9147B9EB}.Debug|Any CPU.Build.0 = Debug|Any CPU
		{A9EDFE61-FA63-4311-A508-D11E9147B9EB}.Publish|Any CPU.ActiveCfg = Release|Any CPU
		{A9EDFE61-FA63-4311-A508-D11E9147B9EB}.Publish|Any CPU.Build.0 = Release|Any CPU
		{A9EDFE61-FA63-4311-A508-D11E9147B9EB}.Release|Any CPU.ActiveCfg = Release|Any CPU
		{A9EDFE61-FA63-4311-A508-D11E9147B9EB}.Release|Any CPU.Build.0 = Release|Any CPU
		{678E1AC7-C52F-4E53-9A5F-E509B1F8D65B}.Debug|Any CPU.ActiveCfg = Debug|Any CPU
		{678E1AC7-C52F-4E53-9A5F-E509B1F8D65B}.Debug|Any CPU.Build.0 = Debug|Any CPU
		{678E1AC7-C52F-4E53-9A5F-E509B1F8D65B}.Publish|Any CPU.ActiveCfg = Release|Any CPU
		{678E1AC7-C52F-4E53-9A5F-E509B1F8D65B}.Publish|Any CPU.Build.0 = Release|Any CPU
		{678E1AC7-C52F-4E53-9A5F-E509B1F8D65B}.Release|Any CPU.ActiveCfg = Release|Any CPU
		{678E1AC7-C52F-4E53-9A5F-E509B1F8D65B}.Release|Any CPU.Build.0 = Release|Any CPU
		{67A6BB87-15EC-481E-B6C0-A2259A36AC03}.Debug|Any CPU.ActiveCfg = Debug|Any CPU
		{67A6BB87-15EC-481E-B6C0-A2259A36AC03}.Debug|Any CPU.Build.0 = Debug|Any CPU
		{67A6BB87-15EC-481E-B6C0-A2259A36AC03}.Publish|Any CPU.ActiveCfg = Release|Any CPU
		{67A6BB87-15EC-481E-B6C0-A2259A36AC03}.Publish|Any CPU.Build.0 = Release|Any CPU
		{67A6BB87-15EC-481E-B6C0-A2259A36AC03}.Release|Any CPU.ActiveCfg = Release|Any CPU
		{67A6BB87-15EC-481E-B6C0-A2259A36AC03}.Release|Any CPU.Build.0 = Release|Any CPU
		{12BBD0E6-4BA3-44A1-BFDE-BC35A0EAAD4C}.Debug|Any CPU.ActiveCfg = Debug|Any CPU
		{12BBD0E6-4BA3-44A1-BFDE-BC35A0EAAD4C}.Debug|Any CPU.Build.0 = Debug|Any CPU
		{12BBD0E6-4BA3-44A1-BFDE-BC35A0EAAD4C}.Publish|Any CPU.ActiveCfg = Release|Any CPU
		{12BBD0E6-4BA3-44A1-BFDE-BC35A0EAAD4C}.Publish|Any CPU.Build.0 = Release|Any CPU
		{12BBD0E6-4BA3-44A1-BFDE-BC35A0EAAD4C}.Release|Any CPU.ActiveCfg = Release|Any CPU
		{12BBD0E6-4BA3-44A1-BFDE-BC35A0EAAD4C}.Release|Any CPU.Build.0 = Release|Any CPU
		{AA3A1810-78F2-4A18-AE4F-B740FD487232}.Debug|Any CPU.ActiveCfg = Debug|Any CPU
		{AA3A1810-78F2-4A18-AE4F-B740FD487232}.Debug|Any CPU.Build.0 = Debug|Any CPU
		{AA3A1810-78F2-4A18-AE4F-B740FD487232}.Publish|Any CPU.ActiveCfg = Release|Any CPU
		{AA3A1810-78F2-4A18-AE4F-B740FD487232}.Publish|Any CPU.Build.0 = Release|Any CPU
		{AA3A1810-78F2-4A18-AE4F-B740FD487232}.Release|Any CPU.ActiveCfg = Release|Any CPU
		{AA3A1810-78F2-4A18-AE4F-B740FD487232}.Release|Any CPU.Build.0 = Release|Any CPU
		{0D985EDB-AC10-4252-BAB9-866AAF7CC675}.Debug|Any CPU.ActiveCfg = Debug|Any CPU
		{0D985EDB-AC10-4252-BAB9-866AAF7CC675}.Debug|Any CPU.Build.0 = Debug|Any CPU
		{0D985EDB-AC10-4252-BAB9-866AAF7CC675}.Publish|Any CPU.ActiveCfg = Release|Any CPU
		{0D985EDB-AC10-4252-BAB9-866AAF7CC675}.Publish|Any CPU.Build.0 = Release|Any CPU
		{0D985EDB-AC10-4252-BAB9-866AAF7CC675}.Release|Any CPU.ActiveCfg = Release|Any CPU
		{0D985EDB-AC10-4252-BAB9-866AAF7CC675}.Release|Any CPU.Build.0 = Release|Any CPU
		{B6F3823F-E902-4DC8-8025-203DD2BE7227}.Debug|Any CPU.ActiveCfg = Debug|Any CPU
		{B6F3823F-E902-4DC8-8025-203DD2BE7227}.Debug|Any CPU.Build.0 = Debug|Any CPU
		{B6F3823F-E902-4DC8-8025-203DD2BE7227}.Publish|Any CPU.ActiveCfg = Release|Any CPU
		{B6F3823F-E902-4DC8-8025-203DD2BE7227}.Publish|Any CPU.Build.0 = Release|Any CPU
		{B6F3823F-E902-4DC8-8025-203DD2BE7227}.Release|Any CPU.ActiveCfg = Release|Any CPU
		{B6F3823F-E902-4DC8-8025-203DD2BE7227}.Release|Any CPU.Build.0 = Release|Any CPU
		{24CBED4E-93F1-41AC-9C29-B8B600666977}.Debug|Any CPU.ActiveCfg = Debug|Any CPU
		{24CBED4E-93F1-41AC-9C29-B8B600666977}.Debug|Any CPU.Build.0 = Debug|Any CPU
		{24CBED4E-93F1-41AC-9C29-B8B600666977}.Publish|Any CPU.ActiveCfg = Release|Any CPU
		{24CBED4E-93F1-41AC-9C29-B8B600666977}.Publish|Any CPU.Build.0 = Release|Any CPU
		{24CBED4E-93F1-41AC-9C29-B8B600666977}.Release|Any CPU.ActiveCfg = Release|Any CPU
		{24CBED4E-93F1-41AC-9C29-B8B600666977}.Release|Any CPU.Build.0 = Release|Any CPU
		{7F9E7966-F8A8-439B-AFF8-071554E56496}.Debug|Any CPU.ActiveCfg = Debug|Any CPU
		{7F9E7966-F8A8-439B-AFF8-071554E56496}.Debug|Any CPU.Build.0 = Debug|Any CPU
		{7F9E7966-F8A8-439B-AFF8-071554E56496}.Publish|Any CPU.ActiveCfg = Release|Any CPU
		{7F9E7966-F8A8-439B-AFF8-071554E56496}.Publish|Any CPU.Build.0 = Release|Any CPU
		{7F9E7966-F8A8-439B-AFF8-071554E56496}.Release|Any CPU.ActiveCfg = Release|Any CPU
		{7F9E7966-F8A8-439B-AFF8-071554E56496}.Release|Any CPU.Build.0 = Release|Any CPU
	EndGlobalSection
	GlobalSection(SolutionProperties) = preSolution
		HideSolutionNode = FALSE
	EndGlobalSection
	GlobalSection(ExtensibilityGlobals) = postSolution
		SolutionGuid = {94F821CD-DBEB-4AA8-BD22-13A12B9320BD}
	EndGlobalSection
EndGlobal
